
Microsoft Visual Studio Solution File, Format Version 12.00
# Visual Studio Version 17
VisualStudioVersion = 17.11.35222.181
MinimumVisualStudioVersion = 10.0.40219.1
Project("{FAE04EC0-301F-11D3-BF4B-00C04F79EFBC}") = "ApiBackEnd", "ApiBackEnd\ApiBackEnd.csproj", "{00B563EC-823C-4A97-A9E9-91DEB224678D}"
EndProject
Global
	GlobalSection(SolutionConfigurationPlatforms) = preSolution
		Debug|Any CPU = Debug|Any CPU
		Release|Any CPU = Release|Any CPU
	EndGlobalSection
	GlobalSection(ProjectConfigurationPlatforms) = postSolution
		{00B563EC-823C-4A97-A9E9-91DEB224678D}.Debug|Any CPU.ActiveCfg = Debug|Any CPU
		{00B563EC-823C-4A97-A9E9-91DEB224678D}.Debug|Any CPU.Build.0 = Debug|Any CPU
		{00B563EC-823C-4A97-A9E9-91DEB224678D}.Release|Any CPU.ActiveCfg = Release|Any CPU
		{00B563EC-823C-4A97-A9E9-91DEB224678D}.Release|Any CPU.Build.0 = Release|Any CPU
	EndGlobalSection
	GlobalSection(SolutionProperties) = preSolution
		HideSolutionNode = FALSE
	EndGlobalSection
	GlobalSection(ExtensibilityGlobals) = postSolution
		SolutionGuid = {ED10BBB6-47D4-42A5-8FF7-4BCE2636B647}
	EndGlobalSection
EndGlobal
